
Microsoft Visual Studio Solution File, Format Version 12.00
# Visual Studio Version 17
VisualStudioVersion = 17.12.35506.116
MinimumVisualStudioVersion = 10.0.40219.1
Project("{FAE04EC0-301F-11D3-BF4B-00C04F79EFBC}") = "WebApp", "WebApp\WebApp.csproj", "{9419A82E-D327-46B0-9260-8987962B6E3B}"
EndProject
Project("{FAE04EC0-301F-11D3-BF4B-00C04F79EFBC}") = "MiddlewareWebApp", "MiddlewareWebApp\MiddlewareWebApp.csproj", "{D6EC02A3-DEC0-4029-930F-03855F6FC000}"
EndProject
Project("{FAE04EC0-301F-11D3-BF4B-00C04F79EFBC}") = "Routing", "Routing\Routing.csproj", "{9A004517-EFBC-4E70-8C8C-946681F09658}"
EndProject
Project("{FAE04EC0-301F-11D3-BF4B-00C04F79EFBC}") = "UserRegistration", "UserRegistration\UserRegistration.csproj", "{04520776-2B35-4221-A4CE-77349F0A362E}"
EndProject
Project("{FAE04EC0-301F-11D3-BF4B-00C04F79EFBC}") = "MVC", "MVC\MVC.csproj", "{2F846662-9ABE-47E0-8FF9-8BF5EB65F53A}"
EndProject
Global
	GlobalSection(SolutionConfigurationPlatforms) = preSolution
		Debug|Any CPU = Debug|Any CPU
		Release|Any CPU = Release|Any CPU
	EndGlobalSection
	GlobalSection(ProjectConfigurationPlatforms) = postSolution
		{9419A82E-D327-46B0-9260-8987962B6E3B}.Debug|Any CPU.ActiveCfg = Debug|Any CPU
		{9419A82E-D327-46B0-9260-8987962B6E3B}.Debug|Any CPU.Build.0 = Debug|Any CPU
		{9419A82E-D327-46B0-9260-8987962B6E3B}.Release|Any CPU.ActiveCfg = Release|Any CPU
		{9419A82E-D327-46B0-9260-8987962B6E3B}.Release|Any CPU.Build.0 = Release|Any CPU
		{D6EC02A3-DEC0-4029-930F-03855F6FC000}.Debug|Any CPU.ActiveCfg = Debug|Any CPU
		{D6EC02A3-DEC0-4029-930F-03855F6FC000}.Debug|Any CPU.Build.0 = Debug|Any CPU
		{D6EC02A3-DEC0-4029-930F-03855F6FC000}.Release|Any CPU.ActiveCfg = Release|Any CPU
		{D6EC02A3-DEC0-4029-930F-03855F6FC000}.Release|Any CPU.Build.0 = Release|Any CPU
		{9A004517-EFBC-4E70-8C8C-946681F09658}.Debug|Any CPU.ActiveCfg = Debug|Any CPU
		{9A004517-EFBC-4E70-8C8C-946681F09658}.Debug|Any CPU.Build.0 = Debug|Any CPU
		{9A004517-EFBC-4E70-8C8C-946681F09658}.Release|Any CPU.ActiveCfg = Release|Any CPU
		{9A004517-EFBC-4E70-8C8C-946681F09658}.Release|Any CPU.Build.0 = Release|Any CPU
		{04520776-2B35-4221-A4CE-77349F0A362E}.Debug|Any CPU.ActiveCfg = Debug|Any CPU
		{04520776-2B35-4221-A4CE-77349F0A362E}.Debug|Any CPU.Build.0 = Debug|Any CPU
		{04520776-2B35-4221-A4CE-77349F0A362E}.Release|Any CPU.ActiveCfg = Release|Any CPU
		{04520776-2B35-4221-A4CE-77349F0A362E}.Release|Any CPU.Build.0 = Release|Any CPU
		{2F846662-9ABE-47E0-8FF9-8BF5EB65F53A}.Debug|Any CPU.ActiveCfg = Debug|Any CPU
		{2F846662-9ABE-47E0-8FF9-8BF5EB65F53A}.Debug|Any CPU.Build.0 = Debug|Any CPU
		{2F846662-9ABE-47E0-8FF9-8BF5EB65F53A}.Release|Any CPU.ActiveCfg = Release|Any CPU
		{2F846662-9ABE-47E0-8FF9-8BF5EB65F53A}.Release|Any CPU.Build.0 = Release|Any CPU
	EndGlobalSection
	GlobalSection(SolutionProperties) = preSolution
		HideSolutionNode = FALSE
	EndGlobalSection
EndGlobal
